
Microsoft Visual Studio Solution File, Format Version 12.00
# Visual Studio Version 17
VisualStudioVersion = 17.6.33723.286
MinimumVisualStudioVersion = 10.0.40219.1
Project("{FAE04EC0-301F-11D3-BF4B-00C04F79EFBC}") = "EcommerceShippingAPI", "EcommerceShippingAPI\EcommerceShippingAPI.csproj", "{2CFE1C58-B648-46DF-9403-D3182097494C}"
EndProject
Project("{FAE04EC0-301F-11D3-BF4B-00C04F79EFBC}") = "EcommerceShippingDomain", "EcommerceShippingDomain\EcommerceShippingDomain.csproj", "{8B13457E-523E-4B34-894E-E0C9D412C729}"
EndProject
Project("{FAE04EC0-301F-11D3-BF4B-00C04F79EFBC}") = "EcommerceShippingService", "EcommerceShippingService\EcommerceShippingService.csproj", "{795097B9-D0E4-4299-BEC1-F9493744D6F4}"
EndProject
Project("{FAE04EC0-301F-11D3-BF4B-00C04F79EFBC}") = "EcommerceShippingRepository", "EcommerceShippingRepository\EcommerceShippingRepository.csproj", "{20FAEDCB-9F32-47FF-A78A-4E34992E266F}"
EndProject
Global
	GlobalSection(SolutionConfigurationPlatforms) = preSolution
		Debug|Any CPU = Debug|Any CPU
		Release|Any CPU = Release|Any CPU
	EndGlobalSection
	GlobalSection(ProjectConfigurationPlatforms) = postSolution
		{2CFE1C58-B648-46DF-9403-D3182097494C}.Debug|Any CPU.ActiveCfg = Debug|Any CPU
		{2CFE1C58-B648-46DF-9403-D3182097494C}.Debug|Any CPU.Build.0 = Debug|Any CPU
		{2CFE1C58-B648-46DF-9403-D3182097494C}.Release|Any CPU.ActiveCfg = Release|Any CPU
		{2CFE1C58-B648-46DF-9403-D3182097494C}.Release|Any CPU.Build.0 = Release|Any CPU
		{8B13457E-523E-4B34-894E-E0C9D412C729}.Debug|Any CPU.ActiveCfg = Debug|Any CPU
		{8B13457E-523E-4B34-894E-E0C9D412C729}.Debug|Any CPU.Build.0 = Debug|Any CPU
		{8B13457E-523E-4B34-894E-E0C9D412C729}.Release|Any CPU.ActiveCfg = Release|Any CPU
		{8B13457E-523E-4B34-894E-E0C9D412C729}.Release|Any CPU.Build.0 = Release|Any CPU
		{795097B9-D0E4-4299-BEC1-F9493744D6F4}.Debug|Any CPU.ActiveCfg = Debug|Any CPU
		{795097B9-D0E4-4299-BEC1-F9493744D6F4}.Debug|Any CPU.Build.0 = Debug|Any CPU
		{795097B9-D0E4-4299-BEC1-F9493744D6F4}.Release|Any CPU.ActiveCfg = Release|Any CPU
		{795097B9-D0E4-4299-BEC1-F9493744D6F4}.Release|Any CPU.Build.0 = Release|Any CPU
		{20FAEDCB-9F32-47FF-A78A-4E34992E266F}.Debug|Any CPU.ActiveCfg = Debug|Any CPU
		{20FAEDCB-9F32-47FF-A78A-4E34992E266F}.Debug|Any CPU.Build.0 = Debug|Any CPU
		{20FAEDCB-9F32-47FF-A78A-4E34992E266F}.Release|Any CPU.ActiveCfg = Release|Any CPU
		{20FAEDCB-9F32-47FF-A78A-4E34992E266F}.Release|Any CPU.Build.0 = Release|Any CPU
	EndGlobalSection
	GlobalSection(SolutionProperties) = preSolution
		HideSolutionNode = FALSE
	EndGlobalSection
	GlobalSection(ExtensibilityGlobals) = postSolution
		SolutionGuid = {52B25EE2-112C-49AE-871A-4A74A938615C}
	EndGlobalSection
EndGlobal
